// !$*UTF8*$!
{
	archiveVersion = 1;
	classes = {
	};
	objectVersion = 77;
	objects = {

/* Begin PBXBuildFile section */
		FA0628712ED36E8100467EB2 /* Stripe in Frameworks */ = {isa = PBXBuildFile; productRef = FA0628702ED36E8100467EB2 /* Stripe */; };
		FA0628732ED36E8100467EB2 /* StripeApplePay in Frameworks */ = {isa = PBXBuildFile; productRef = FA0628722ED36E8100467EB2 /* StripeApplePay */; };
		FA0628752ED36E8100467EB2 /* StripeCardScan in Frameworks */ = {isa = PBXBuildFile; productRef = FA0628742ED36E8100467EB2 /* StripeCardScan */; };
		FA0628772ED36E8100467EB2 /* StripeConnect in Frameworks */ = {isa = PBXBuildFile; productRef = FA0628762ED36E8100467EB2 /* StripeConnect */; };
		FA0628792ED36E8100467EB2 /* StripeFinancialConnections in Frameworks */ = {isa = PBXBuildFile; productRef = FA0628782ED36E8100467EB2 /* StripeFinancialConnections */; };
		FA06287B2ED36E8100467EB2 /* StripeIdentity in Frameworks */ = {isa = PBXBuildFile; productRef = FA06287A2ED36E8100467EB2 /* StripeIdentity */; };
		FA06287D2ED36E8100467EB2 /* StripeIssuing in Frameworks */ = {isa = PBXBuildFile; productRef = FA06287C2ED36E8100467EB2 /* StripeIssuing */; };
		FA06287F2ED36E8100467EB2 /* StripePaymentSheet in Frameworks */ = {isa = PBXBuildFile; productRef = FA06287E2ED36E8100467EB2 /* StripePaymentSheet */; };
		FA0628812ED36E8100467EB2 /* StripePayments in Frameworks */ = {isa = PBXBuildFile; productRef = FA0628802ED36E8100467EB2 /* StripePayments */; };
		FA0628832ED36E8100467EB2 /* StripePaymentsUI in Frameworks */ = {isa = PBXBuildFile; productRef = FA0628822ED36E8100467EB2 /* StripePaymentsUI */; };
/* End PBXBuildFile section */

/* Begin PBXFileReference section */
		FAC153322E49EA5500CE8FCF /* PangeaApp.app */ = {isa = PBXFileReference; explicitFileType = wrapper.application; includeInIndex = 0; path = PangeaApp.app; sourceTree = BUILT_PRODUCTS_DIR; };
/* End PBXFileReference section */

/* Begin PBXFileSystemSynchronizedBuildFileExceptionSet section */
		FAC153442E49EA5800CE8FCF /* Exceptions for "PangeaApp" folder in "PangeaApp" target */ = {
			isa = PBXFileSystemSynchronizedBuildFileExceptionSet;
			membershipExceptions = (
				Info.plist,
			);
			target = FAC153312E49EA5500CE8FCF /* PangeaApp */;
		};
/* End PBXFileSystemSynchronizedBuildFileExceptionSet section */

/* Begin PBXFileSystemSynchronizedRootGroup section */
		FAC153342E49EA5500CE8FCF /* PangeaApp */ = {
			isa = PBXFileSystemSynchronizedRootGroup;
			exceptions = (
				FAC153442E49EA5800CE8FCF /* Exceptions for "PangeaApp" folder in "PangeaApp" target */,
			);
			path = PangeaApp;
			sourceTree = "<group>";
		};
/* End PBXFileSystemSynchronizedRootGroup section */

/* Begin PBXFrameworksBuildPhase section */
		FAC1532F2E49EA5500CE8FCF /* Frameworks */ = {
			isa = PBXFrameworksBuildPhase;
			buildActionMask = 2147483647;
			files = (
				FA0628812ED36E8100467EB2 /* StripePayments in Frameworks */,
				FA06287F2ED36E8100467EB2 /* StripePaymentSheet in Frameworks */,
				FA0628792ED36E8100467EB2 /* StripeFinancialConnections in Frameworks */,
				FA0628752ED36E8100467EB2 /* StripeCardScan in Frameworks */,
				FA0628712ED36E8100467EB2 /* Stripe in Frameworks */,
				FA06287B2ED36E8100467EB2 /* StripeIdentity in Frameworks */,
				FA0628772ED36E8100467EB2 /* StripeConnect in Frameworks */,
				FA0628732ED36E8100467EB2 /* StripeApplePay in Frameworks */,
				FA0628832ED36E8100467EB2 /* StripePaymentsUI in Frameworks */,
				FA06287D2ED36E8100467EB2 /* StripeIssuing in Frameworks */,
			);
			runOnlyForDeploymentPostprocessing = 0;
		};
/* End PBXFrameworksBuildPhase section */

/* Begin PBXGroup section */
		FAC153292E49EA5500CE8FCF = {
			isa = PBXGroup;
			children = (
				FAC153342E49EA5500CE8FCF /* PangeaApp */,
				FAC153332E49EA5500CE8FCF /* Products */,
			);
			sourceTree = "<group>";
		};
		FAC153332E49EA5500CE8FCF /* Products */ = {
			isa = PBXGroup;
			children = (
				FAC153322E49EA5500CE8FCF /* PangeaApp.app */,
			);
			name = Products;
			sourceTree = "<group>";
		};
/* End PBXGroup section */

/* Begin PBXNativeTarget section */
		FAC153312E49EA5500CE8FCF /* PangeaApp */ = {
			isa = PBXNativeTarget;
			buildConfigurationList = FAC153452E49EA5800CE8FCF /* Build configuration list for PBXNativeTarget "PangeaApp" */;
			buildPhases = (
				FAC1532E2E49EA5500CE8FCF /* Sources */,
				FAC1532F2E49EA5500CE8FCF /* Frameworks */,
				FAC153302E49EA5500CE8FCF /* Resources */,
			);
			buildRules = (
			);
			dependencies = (
			);
			fileSystemSynchronizedGroups = (
				FAC153342E49EA5500CE8FCF /* PangeaApp */,
			);
			name = PangeaApp;
			packageProductDependencies = (
				FA0628702ED36E8100467EB2 /* Stripe */,
				FA0628722ED36E8100467EB2 /* StripeApplePay */,
				FA0628742ED36E8100467EB2 /* StripeCardScan */,
				FA0628762ED36E8100467EB2 /* StripeConnect */,
				FA0628782ED36E8100467EB2 /* StripeFinancialConnections */,
				FA06287A2ED36E8100467EB2 /* StripeIdentity */,
				FA06287C2ED36E8100467EB2 /* StripeIssuing */,
				FA06287E2ED36E8100467EB2 /* StripePaymentSheet */,
				FA0628802ED36E8100467EB2 /* StripePayments */,
				FA0628822ED36E8100467EB2 /* StripePaymentsUI */,
			);
			productName = PangeaApp;
			productReference = FAC153322E49EA5500CE8FCF /* PangeaApp.app */;
			productType = "com.apple.product-type.application";
		};
/* End PBXNativeTarget section */

/* Begin PBXProject section */
		FAC1532A2E49EA5500CE8FCF /* Project object */ = {
			isa = PBXProject;
			attributes = {
				BuildIndependentTargetsInParallel = 1;
				LastSwiftUpdateCheck = 1640;
				LastUpgradeCheck = 1640;
				TargetAttributes = {
					FAC153312E49EA5500CE8FCF = {
						CreatedOnToolsVersion = 16.4;
					};
				};
			};
			buildConfigurationList = FAC1532D2E49EA5500CE8FCF /* Build configuration list for PBXProject "PangeaApp" */;
			developmentRegion = en;
			hasScannedForEncodings = 0;
			knownRegions = (
				en,
				Base,
				de,
				"es-419",
			);
			mainGroup = FAC153292E49EA5500CE8FCF;
			minimizedProjectReferenceProxies = 1;
			packageReferences = (
				FA06286F2ED36E8100467EB2 /* XCRemoteSwiftPackageReference "stripe-ios" */,
			);
			preferredProjectObjectVersion = 77;
			productRefGroup = FAC153332E49EA5500CE8FCF /* Products */;
			projectDirPath = "";
			projectRoot = "";
			targets = (
				FAC153312E49EA5500CE8FCF /* PangeaApp */,
			);
		};
/* End PBXProject section */

/* Begin PBXResourcesBuildPhase section */
		FAC153302E49EA5500CE8FCF /* Resources */ = {
			isa = PBXResourcesBuildPhase;
			buildActionMask = 2147483647;
			files = (
			);
			runOnlyForDeploymentPostprocessing = 0;
		};
/* End PBXResourcesBuildPhase section */

/* Begin PBXSourcesBuildPhase section */
		FAC1532E2E49EA5500CE8FCF /* Sources */ = {
			isa = PBXSourcesBuildPhase;
			buildActionMask = 2147483647;
			files = (
			);
			runOnlyForDeploymentPostprocessing = 0;
		};
/* End PBXSourcesBuildPhase section */

/* Begin XCBuildConfiguration section */
		FAC153462E49EA5800CE8FCF /* Debug */ = {
			isa = XCBuildConfiguration;
			buildSettings = {
				ASSETCATALOG_COMPILER_APPICON_NAME = AppIcon;
				ASSETCATALOG_COMPILER_GLOBAL_ACCENT_COLOR_NAME = AccentColor;
				CODE_SIGN_STYLE = Automatic;
				CURRENT_PROJECT_VERSION = 1;
				DEVELOPMENT_TEAM = 8JT8Q4K32J;
				GENERATE_INFOPLIST_FILE = YES;
				INFOPLIST_FILE = PangeaApp/Info.plist;
				INFOPLIST_KEY_UIApplicationSupportsIndirectInputEvents = YES;
				INFOPLIST_KEY_UILaunchStoryboardName = LaunchScreen;
				INFOPLIST_KEY_UIMainStoryboardFile = Main;
				INFOPLIST_KEY_UISupportedInterfaceOrientations = UIInterfaceOrientationPortrait;
				INFOPLIST_KEY_UISupportedInterfaceOrientations_iPad = "UIInterfaceOrientationLandscapeLeft UIInterfaceOrientationLandscapeRight UIInterfaceOrientationPortrait UIInterfaceOrientationPortraitUpsideDown";
				IPHONEOS_DEPLOYMENT_TARGET = 15.6;
				LD_RUNPATH_SEARCH_PATHS = (
					"$(inherited)",
					"@executable_path/Frameworks",
				);
				MARKETING_VERSION = 1.0;
				PRODUCT_BUNDLE_IDENTIFIER = com.mycompany.PangeaApp;
				PRODUCT_NAME = "$(TARGET_NAME)";
				SUPPORTED_PLATFORMS = "iphoneos iphonesimulator";
				SUPPORTS_MACCATALYST = NO;
				SUPPORTS_MAC_DESIGNED_FOR_IPHONE_IPAD = NO;
				SUPPORTS_XR_DESIGNED_FOR_IPHONE_IPAD = NO;
				SWIFT_EMIT_LOC_STRINGS = YES;
				SWIFT_VERSION = 5.0;
				TARGETED_DEVICE_FAMILY = 1;
			};
			name = Debug;
		};
		FAC153472E49EA5800CE8FCF /* Release */ = {
			isa = XCBuildConfiguration;
			buildSettings = {
				ASSETCATALOG_COMPILER_APPICON_NAME = AppIcon;
				ASSETCATALOG_COMPILER_GLOBAL_ACCENT_COLOR_NAME = AccentColor;
				CODE_SIGN_STYLE = Automatic;
				CURRENT_PROJECT_VERSION = 1;
				DEVELOPMENT_TEAM = 8JT8Q4K32J;
				GENERATE_INFOPLIST_FILE = YES;
				INFOPLIST_FILE = PangeaApp/Info.plist;
				INFOPLIST_KEY_UIApplicationSupportsIndirectInputEvents = YES;
				INFOPLIST_KEY_UILaunchStoryboardName = LaunchScreen;
				INFOPLIST_KEY_UIMainStoryboardFile = Main;
				INFOPLIST_KEY_UISupportedInterfaceOrientations = UIInterfaceOrientationPortrait;
				INFOPLIST_KEY_UISupportedInterfaceOrientations_iPad = "UIInterfaceOrientationLandscapeLeft UIInterfaceOrientationLandscapeRight UIInterfaceOrientationPortrait UIInterfaceOrientationPortraitUpsideDown";
				IPHONEOS_DEPLOYMENT_TARGET = 15.6;
				LD_RUNPATH_SEARCH_PATHS = (
					"$(inherited)",
					"@executable_path/Frameworks",
				);
				MARKETING_VERSION = 1.0;
				PRODUCT_BUNDLE_IDENTIFIER = com.mycompany.PangeaApp;
				PRODUCT_NAME = "$(TARGET_NAME)";
				SUPPORTED_PLATFORMS = "iphoneos iphonesimulator";
				SUPPORTS_MACCATALYST = NO;
				SUPPORTS_MAC_DESIGNED_FOR_IPHONE_IPAD = NO;
				SUPPORTS_XR_DESIGNED_FOR_IPHONE_IPAD = NO;
				SWIFT_EMIT_LOC_STRINGS = YES;
				SWIFT_VERSION = 5.0;
				TARGETED_DEVICE_FAMILY = 1;
			};
			name = Release;
		};
		FAC153482E49EA5800CE8FCF /* Debug */ = {
			isa = XCBuildConfiguration;
			buildSettings = {
				ALWAYS_SEARCH_USER_PATHS = NO;
				ASSETCATALOG_COMPILER_GENERATE_SWIFT_ASSET_SYMBOL_EXTENSIONS = YES;
				CLANG_ANALYZER_LOCALIZABILITY_NONLOCALIZED = YES;
				CLANG_ANALYZER_NONNULL = YES;
				CLANG_ANALYZER_NUMBER_OBJECT_CONVERSION = YES_AGGRESSIVE;
				CLANG_CXX_LANGUAGE_STANDARD = "gnu++20";
				CLANG_ENABLE_MODULES = YES;
				CLANG_ENABLE_OBJC_ARC = YES;
				CLANG_ENABLE_OBJC_WEAK = YES;
				CLANG_WARN_BLOCK_CAPTURE_AUTORELEASING = YES;
				CLANG_WARN_BOOL_CONVERSION = YES;
				CLANG_WARN_COMMA = YES;
				CLANG_WARN_CONSTANT_CONVERSION = YES;
				CLANG_WARN_DEPRECATED_OBJC_IMPLEMENTATIONS = YES;
				CLANG_WARN_DIRECT_OBJC_ISA_USAGE = YES_ERROR;
				CLANG_WARN_DOCUMENTATION_COMMENTS = YES;
				CLANG_WARN_EMPTY_BODY = YES;
				CLANG_WARN_ENUM_CONVERSION = YES;
				CLANG_WARN_INFINITE_RECURSION = YES;
				CLANG_WARN_INT_CONVERSION = YES;
				CLANG_WARN_NON_LITERAL_NULL_CONVERSION = YES;
				CLANG_WARN_OBJC_IMPLICIT_RETAIN_SELF = YES;
				CLANG_WARN_OBJC_LITERAL_CONVERSION = YES;
				CLANG_WARN_OBJC_ROOT_CLASS = YES_ERROR;
				CLANG_WARN_QUOTED_INCLUDE_IN_FRAMEWORK_HEADER = YES;
				CLANG_WARN_RANGE_LOOP_ANALYSIS = YES;
				CLANG_WARN_STRICT_PROTOTYPES = YES;
				CLANG_WARN_SUSPICIOUS_MOVE = YES;
				CLANG_WARN_UNGUARDED_AVAILABILITY = YES_AGGRESSIVE;
				CLANG_WARN_UNREACHABLE_CODE = YES;
				CLANG_WARN__DUPLICATE_METHOD_MATCH = YES;
				COPY_PHASE_STRIP = NO;
				DEBUG_INFORMATION_FORMAT = dwarf;
				DEVELOPMENT_TEAM = 8JT8Q4K32J;
				ENABLE_STRICT_OBJC_MSGSEND = YES;
				ENABLE_TESTABILITY = YES;
				ENABLE_USER_SCRIPT_SANDBOXING = YES;
				GCC_C_LANGUAGE_STANDARD = gnu17;
				GCC_DYNAMIC_NO_PIC = NO;
				GCC_NO_COMMON_BLOCKS = YES;
				GCC_OPTIMIZATION_LEVEL = 0;
				GCC_PREPROCESSOR_DEFINITIONS = (
					"DEBUG=1",
					"$(inherited)",
				);
				GCC_WARN_64_TO_32_BIT_CONVERSION = YES;
				GCC_WARN_ABOUT_RETURN_TYPE = YES_ERROR;
				GCC_WARN_UNDECLARED_SELECTOR = YES;
				GCC_WARN_UNINITIALIZED_AUTOS = YES_AGGRESSIVE;
				GCC_WARN_UNUSED_FUNCTION = YES;
				GCC_WARN_UNUSED_VARIABLE = YES;
				IPHONEOS_DEPLOYMENT_TARGET = 18.5;
				LOCALIZATION_PREFERS_STRING_CATALOGS = YES;
				MTL_ENABLE_DEBUG_INFO = INCLUDE_SOURCE;
				MTL_FAST_MATH = YES;
				ONLY_ACTIVE_ARCH = YES;
				SDKROOT = iphoneos;
				SWIFT_ACTIVE_COMPILATION_CONDITIONS = "DEBUG $(inherited)";
				SWIFT_OPTIMIZATION_LEVEL = "-Onone";
			};
			name = Debug;
		};
		FAC153492E49EA5800CE8FCF /* Release */ = {
			isa = XCBuildConfiguration;
			buildSettings = {
				ALWAYS_SEARCH_USER_PATHS = NO;
				ASSETCATALOG_COMPILER_GENERATE_SWIFT_ASSET_SYMBOL_EXTENSIONS = YES;
				CLANG_ANALYZER_LOCALIZABILITY_NONLOCALIZED = YES;
				CLANG_ANALYZER_NONNULL = YES;
				CLANG_ANALYZER_NUMBER_OBJECT_CONVERSION = YES_AGGRESSIVE;
				CLANG_CXX_LANGUAGE_STANDARD = "gnu++20";
				CLANG_ENABLE_MODULES = YES;
				CLANG_ENABLE_OBJC_ARC = YES;
				CLANG_ENABLE_OBJC_WEAK = YES;
				CLANG_WARN_BLOCK_CAPTURE_AUTORELEASING = YES;
				CLANG_WARN_BOOL_CONVERSION = YES;
				CLANG_WARN_COMMA = YES;
				CLANG_WARN_CONSTANT_CONVERSION = YES;
				CLANG_WARN_DEPRECATED_OBJC_IMPLEMENTATIONS = YES;
				CLANG_WARN_DIRECT_OBJC_ISA_USAGE = YES_ERROR;
				CLANG_WARN_DOCUMENTATION_COMMENTS = YES;
				CLANG_WARN_EMPTY_BODY = YES;
				CLANG_WARN_ENUM_CONVERSION = YES;
				CLANG_WARN_INFINITE_RECURSION = YES;
				CLANG_WARN_INT_CONVERSION = YES;
				CLANG_WARN_NON_LITERAL_NULL_CONVERSION = YES;
				CLANG_WARN_OBJC_IMPLICIT_RETAIN_SELF = YES;
				CLANG_WARN_OBJC_LITERAL_CONVERSION = YES;
				CLANG_WARN_OBJC_ROOT_CLASS = YES_ERROR;
				CLANG_WARN_QUOTED_INCLUDE_IN_FRAMEWORK_HEADER = YES;
				CLANG_WARN_RANGE_LOOP_ANALYSIS = YES;
				CLANG_WARN_STRICT_PROTOTYPES = YES;
				CLANG_WARN_SUSPICIOUS_MOVE = YES;
				CLANG_WARN_UNGUARDED_AVAILABILITY = YES_AGGRESSIVE;
				CLANG_WARN_UNREACHABLE_CODE = YES;
				CLANG_WARN__DUPLICATE_METHOD_MATCH = YES;
				COPY_PHASE_STRIP = NO;
				DEBUG_INFORMATION_FORMAT = "dwarf-with-dsym";
				DEVELOPMENT_TEAM = 8JT8Q4K32J;
				ENABLE_NS_ASSERTIONS = NO;
				ENABLE_STRICT_OBJC_MSGSEND = YES;
				ENABLE_USER_SCRIPT_SANDBOXING = YES;
				GCC_C_LANGUAGE_STANDARD = gnu17;
				GCC_NO_COMMON_BLOCKS = YES;
				GCC_WARN_64_TO_32_BIT_CONVERSION = YES;
				GCC_WARN_ABOUT_RETURN_TYPE = YES_ERROR;
				GCC_WARN_UNDECLARED_SELECTOR = YES;
				GCC_WARN_UNINITIALIZED_AUTOS = YES_AGGRESSIVE;
				GCC_WARN_UNUSED_FUNCTION = YES;
				GCC_WARN_UNUSED_VARIABLE = YES;
				IPHONEOS_DEPLOYMENT_TARGET = 18.5;
				LOCALIZATION_PREFERS_STRING_CATALOGS = YES;
				MTL_ENABLE_DEBUG_INFO = NO;
				MTL_FAST_MATH = YES;
				SDKROOT = iphoneos;
				SWIFT_COMPILATION_MODE = wholemodule;
				VALIDATE_PRODUCT = YES;
			};
			name = Release;
		};
/* End XCBuildConfiguration section */

/* Begin XCConfigurationList section */
		FAC1532D2E49EA5500CE8FCF /* Build configuration list for PBXProject "PangeaApp" */ = {
			isa = XCConfigurationList;
			buildConfigurations = (
				FAC153482E49EA5800CE8FCF /* Debug */,
				FAC153492E49EA5800CE8FCF /* Release */,
			);
			defaultConfigurationIsVisible = 0;
			defaultConfigurationName = Release;
		};
		FAC153452E49EA5800CE8FCF /* Build configuration list for PBXNativeTarget "PangeaApp" */ = {
			isa = XCConfigurationList;
			buildConfigurations = (
				FAC153462E49EA5800CE8FCF /* Debug */,
				FAC153472E49EA5800CE8FCF /* Release */,
			);
			defaultConfigurationIsVisible = 0;
			defaultConfigurationName = Release;
		};
/* End XCConfigurationList section */

/* Begin XCRemoteSwiftPackageReference section */
		FA06286F2ED36E8100467EB2 /* XCRemoteSwiftPackageReference "stripe-ios" */ = {
			isa = XCRemoteSwiftPackageReference;
			repositoryURL = "https://github.com/stripe/stripe-ios";
			requirement = {
				kind = upToNextMajorVersion;
				minimumVersion = 25.1.0;
			};
		};
/* End XCRemoteSwiftPackageReference section */

/* Begin XCSwiftPackageProductDependency section */
		FA0628702ED36E8100467EB2 /* Stripe */ = {
			isa = XCSwiftPackageProductDependency;
			package = FA06286F2ED36E8100467EB2 /* XCRemoteSwiftPackageReference "stripe-ios" */;
			productName = Stripe;
		};
		FA0628722ED36E8100467EB2 /* StripeApplePay */ = {
			isa = XCSwiftPackageProductDependency;
			package = FA06286F2ED36E8100467EB2 /* XCRemoteSwiftPackageReference "stripe-ios" */;
			productName = StripeApplePay;
		};
		FA0628742ED36E8100467EB2 /* StripeCardScan */ = {
			isa = XCSwiftPackageProductDependency;
			package = FA06286F2ED36E8100467EB2 /* XCRemoteSwiftPackageReference "stripe-ios" */;
			productName = StripeCardScan;
		};
		FA0628762ED36E8100467EB2 /* StripeConnect */ = {
			isa = XCSwiftPackageProductDependency;
			package = FA06286F2ED36E8100467EB2 /* XCRemoteSwiftPackageReference "stripe-ios" */;
			productName = StripeConnect;
		};
		FA0628782ED36E8100467EB2 /* StripeFinancialConnections */ = {
			isa = XCSwiftPackageProductDependency;
			package = FA06286F2ED36E8100467EB2 /* XCRemoteSwiftPackageReference "stripe-ios" */;
			productName = StripeFinancialConnections;
		};
		FA06287A2ED36E8100467EB2 /* StripeIdentity */ = {
			isa = XCSwiftPackageProductDependency;
			package = FA06286F2ED36E8100467EB2 /* XCRemoteSwiftPackageReference "stripe-ios" */;
			productName = StripeIdentity;
		};
		FA06287C2ED36E8100467EB2 /* StripeIssuing */ = {
			isa = XCSwiftPackageProductDependency;
			package = FA06286F2ED36E8100467EB2 /* XCRemoteSwiftPackageReference "stripe-ios" */;
			productName = StripeIssuing;
		};
		FA06287E2ED36E8100467EB2 /* StripePaymentSheet */ = {
			isa = XCSwiftPackageProductDependency;
			package = FA06286F2ED36E8100467EB2 /* XCRemoteSwiftPackageReference "stripe-ios" */;
			productName = StripePaymentSheet;
		};
		FA0628802ED36E8100467EB2 /* StripePayments */ = {
			isa = XCSwiftPackageProductDependency;
			package = FA06286F2ED36E8100467EB2 /* XCRemoteSwiftPackageReference "stripe-ios" */;
			productName = StripePayments;
		};
		FA0628822ED36E8100467EB2 /* StripePaymentsUI */ = {
			isa = XCSwiftPackageProductDependency;
			package = FA06286F2ED36E8100467EB2 /* XCRemoteSwiftPackageReference "stripe-ios" */;
			productName = StripePaymentsUI;
		};
/* End XCSwiftPackageProductDependency section */
	};
	rootObject = FAC1532A2E49EA5500CE8FCF /* Project object */;
}
